
Microsoft Visual Studio Solution File, Format Version 12.00
# Visual Studio 15
VisualStudioVersion = 15.0.28307.779
MinimumVisualStudioVersion = 10.0.40219.1
Project("{FAE04EC0-301F-11D3-BF4B-00C04F79EFBC}") = "Reimbursement_Portal", "Reimbursement_Portal\Reimbursement_Portal.csproj", "{2D96CEFD-F044-45B7-BE2A-B76A087C1585}"
EndProject
Project("{FAE04EC0-301F-11D3-BF4B-00C04F79EFBC}") = "Reimbursement_Portal.Tests", "Reimbursement_Portal.Tests\Reimbursement_Portal.Tests.csproj", "{24EEEBD7-A3A0-4049-97C7-0AD250C303F6}"
EndProject
Project("{FAE04EC0-301F-11D3-BF4B-00C04F79EFBC}") = "ReimbursementDataAccessLayer", "ReimbursementDataAccessLayer\ReimbursementDataAccessLayer.csproj", "{847209F0-BCC1-482A-A710-2740523F5291}"
EndProject
Project("{FAE04EC0-301F-11D3-BF4B-00C04F79EFBC}") = "ReimbursementBusinessLayer", "ReimbursementBusinessLayer\ReimbursementBusinessLayer.csproj", "{A7D48E82-8D7F-4DA9-A509-19CF6578BCBE}"
EndProject
Project("{FAE04EC0-301F-11D3-BF4B-00C04F79EFBC}") = "ReimbursementShared", "ReimbursementShared\ReimbursementShared.csproj", "{AA651414-CC1F-46BC-A962-2DB73C8E8036}"
EndProject
Global
	GlobalSection(SolutionConfigurationPlatforms) = preSolution
		Debug|Any CPU = Debug|Any CPU
		Release|Any CPU = Release|Any CPU
	EndGlobalSection
	GlobalSection(ProjectConfigurationPlatforms) = postSolution
		{2D96CEFD-F044-45B7-BE2A-B76A087C1585}.Debug|Any CPU.ActiveCfg = Debug|Any CPU
		{2D96CEFD-F044-45B7-BE2A-B76A087C1585}.Debug|Any CPU.Build.0 = Debug|Any CPU
		{2D96CEFD-F044-45B7-BE2A-B76A087C1585}.Release|Any CPU.ActiveCfg = Release|Any CPU
		{2D96CEFD-F044-45B7-BE2A-B76A087C1585}.Release|Any CPU.Build.0 = Release|Any CPU
		{24EEEBD7-A3A0-4049-97C7-0AD250C303F6}.Debug|Any CPU.ActiveCfg = Debug|Any CPU
		{24EEEBD7-A3A0-4049-97C7-0AD250C303F6}.Debug|Any CPU.Build.0 = Debug|Any CPU
		{24EEEBD7-A3A0-4049-97C7-0AD250C303F6}.Release|Any CPU.ActiveCfg = Release|Any CPU
		{24EEEBD7-A3A0-4049-97C7-0AD250C303F6}.Release|Any CPU.Build.0 = Release|Any CPU
		{847209F0-BCC1-482A-A710-2740523F5291}.Debug|Any CPU.ActiveCfg = Debug|Any CPU
		{847209F0-BCC1-482A-A710-2740523F5291}.Debug|Any CPU.Build.0 = Debug|Any CPU
		{847209F0-BCC1-482A-A710-2740523F5291}.Release|Any CPU.ActiveCfg = Release|Any CPU
		{847209F0-BCC1-482A-A710-2740523F5291}.Release|Any CPU.Build.0 = Release|Any CPU
		{A7D48E82-8D7F-4DA9-A509-19CF6578BCBE}.Debug|Any CPU.ActiveCfg = Debug|Any CPU
		{A7D48E82-8D7F-4DA9-A509-19CF6578BCBE}.Debug|Any CPU.Build.0 = Debug|Any CPU
		{A7D48E82-8D7F-4DA9-A509-19CF6578BCBE}.Release|Any CPU.ActiveCfg = Release|Any CPU
		{A7D48E82-8D7F-4DA9-A509-19CF6578BCBE}.Release|Any CPU.Build.0 = Release|Any CPU
		{AA651414-CC1F-46BC-A962-2DB73C8E8036}.Debug|Any CPU.ActiveCfg = Debug|Any CPU
		{AA651414-CC1F-46BC-A962-2DB73C8E8036}.Debug|Any CPU.Build.0 = Debug|Any CPU
		{AA651414-CC1F-46BC-A962-2DB73C8E8036}.Release|Any CPU.ActiveCfg = Release|Any CPU
		{AA651414-CC1F-46BC-A962-2DB73C8E8036}.Release|Any CPU.Build.0 = Release|Any CPU
	EndGlobalSection
	GlobalSection(SolutionProperties) = preSolution
		HideSolutionNode = FALSE
	EndGlobalSection
	GlobalSection(ExtensibilityGlobals) = postSolution
		SolutionGuid = {93040DB7-F207-4B3E-873D-4B359FB4069E}
	EndGlobalSection
EndGlobal
